
Microsoft Visual Studio Solution File, Format Version 12.00
# Visual Studio Version 17
VisualStudioVersion = 17.0.31919.166
MinimumVisualStudioVersion = 10.0.40219.1
Project("{FAE04EC0-301F-11D3-BF4B-00C04F79EFBC}") = "Weather Application", "Weather Application\Weather Application.csproj", "{FF80BC16-3D48-48C7-B39B-7D47E4FE45F8}"
EndProject
Global
	GlobalSection(SolutionConfigurationPlatforms) = preSolution
		Debug|Any CPU = Debug|Any CPU
		Release|Any CPU = Release|Any CPU
	EndGlobalSection
	GlobalSection(ProjectConfigurationPlatforms) = postSolution
		{FF80BC16-3D48-48C7-B39B-7D47E4FE45F8}.Debug|Any CPU.ActiveCfg = Debug|Any CPU
		{FF80BC16-3D48-48C7-B39B-7D47E4FE45F8}.Debug|Any CPU.Build.0 = Debug|Any CPU
		{FF80BC16-3D48-48C7-B39B-7D47E4FE45F8}.Release|Any CPU.ActiveCfg = Release|Any CPU
		{FF80BC16-3D48-48C7-B39B-7D47E4FE45F8}.Release|Any CPU.Build.0 = Release|Any CPU
	EndGlobalSection
	GlobalSection(SolutionProperties) = preSolution
		HideSolutionNode = FALSE
	EndGlobalSection
	GlobalSection(ExtensibilityGlobals) = postSolution
		SolutionGuid = {4CC1540A-CAA3-4340-96F7-C8F0739DAC0C}
	EndGlobalSection
EndGlobal
